
Microsoft Visual Studio Solution File, Format Version 12.00
# Visual Studio Version 17
VisualStudioVersion = 17.14.36310.24
MinimumVisualStudioVersion = 10.0.40219.1
Project("{FAE04EC0-301F-11D3-BF4B-00C04F79EFBC}") = "TryingZip", "TryingZip\TryingZip.csproj", "{1F308A44-DB93-43B0-95FE-55369102FB62}"
EndProject
Project("{FAE04EC0-301F-11D3-BF4B-00C04F79EFBC}") = "TryingZip.IntegrationTests", "TryingZip.IntegrationTests\TryingZip.IntegrationTests.csproj", "{BE03C66E-EAEB-4514-9812-31E25AFB132D}"
EndProject
Global
	GlobalSection(SolutionConfigurationPlatforms) = preSolution
		Debug|Any CPU = Debug|Any CPU
		Release|Any CPU = Release|Any CPU
	EndGlobalSection
	GlobalSection(ProjectConfigurationPlatforms) = postSolution
		{1F308A44-DB93-43B0-95FE-55369102FB62}.Debug|Any CPU.ActiveCfg = Debug|Any CPU
		{1F308A44-DB93-43B0-95FE-55369102FB62}.Debug|Any CPU.Build.0 = Debug|Any CPU
		{1F308A44-DB93-43B0-95FE-55369102FB62}.Release|Any CPU.ActiveCfg = Release|Any CPU
		{1F308A44-DB93-43B0-95FE-55369102FB62}.Release|Any CPU.Build.0 = Release|Any CPU
		{BE03C66E-EAEB-4514-9812-31E25AFB132D}.Debug|Any CPU.ActiveCfg = Debug|Any CPU
		{BE03C66E-EAEB-4514-9812-31E25AFB132D}.Debug|Any CPU.Build.0 = Debug|Any CPU
		{BE03C66E-EAEB-4514-9812-31E25AFB132D}.Release|Any CPU.ActiveCfg = Release|Any CPU
		{BE03C66E-EAEB-4514-9812-31E25AFB132D}.Release|Any CPU.Build.0 = Release|Any CPU
	EndGlobalSection
	GlobalSection(SolutionProperties) = preSolution
		HideSolutionNode = FALSE
	EndGlobalSection
	GlobalSection(ExtensibilityGlobals) = postSolution
		SolutionGuid = {6060E42A-7935-42AD-B6E9-CD9BF4D3E25A}
	EndGlobalSection
EndGlobal
